
Microsoft Visual Studio Solution File, Format Version 12.00
# Visual Studio 15
VisualStudioVersion = 15.0.27004.2005
MinimumVisualStudioVersion = 10.0.40219.1
Project("{FAE04EC0-301F-11D3-BF4B-00C04F79EFBC}") = "SerializePeople", "SerializePeople\SerializePeople.csproj", "{353B9B3B-8E19-4A9D-A114-69CA8F6825CD}"
EndProject
Global
	GlobalSection(SolutionConfigurationPlatforms) = preSolution
		Debug|Any CPU = Debug|Any CPU
		Release|Any CPU = Release|Any CPU
	EndGlobalSection
	GlobalSection(ProjectConfigurationPlatforms) = postSolution
		{353B9B3B-8E19-4A9D-A114-69CA8F6825CD}.Debug|Any CPU.ActiveCfg = Debug|Any CPU
		{353B9B3B-8E19-4A9D-A114-69CA8F6825CD}.Debug|Any CPU.Build.0 = Debug|Any CPU
		{353B9B3B-8E19-4A9D-A114-69CA8F6825CD}.Release|Any CPU.ActiveCfg = Release|Any CPU
		{353B9B3B-8E19-4A9D-A114-69CA8F6825CD}.Release|Any CPU.Build.0 = Release|Any CPU
	EndGlobalSection
	GlobalSection(SolutionProperties) = preSolution
		HideSolutionNode = FALSE
	EndGlobalSection
	GlobalSection(ExtensibilityGlobals) = postSolution
		SolutionGuid = {6856B5EF-1E7C-4300-9D5B-BEB45D4144A0}
	EndGlobalSection
EndGlobal
